{
  "name": "listed",
  "requires": true,
  "lockfileVersion": 1,
  "dependencies": {
    "sn-stylekit": {
      "version": "1.0.1198",
      "resolved": "https://registry.npmjs.org/sn-stylekit/-/sn-stylekit-1.0.1198.tgz",
      "integrity": "sha512-OBAa7wBankouO90s/sj4lBf3M9PxZnhuaz4AWShk6Pn5WQ3zxkOoHDa7SwjnlxZYUCz6n5YJXrET1uC2yJDcbQ=="
    }
  }
}
