{
  "name": "listed",
  "requires": true,
  "lockfileVersion": 1,
  "dependencies": {
    "sn-stylekit": {
      "version": "2.0.19",
      "resolved": "https://registry.npmjs.org/sn-stylekit/-/sn-stylekit-2.0.19.tgz",
      "integrity": "sha512-3eanXKhuLB95S/mlBw15hHv7h993+BeURJAeEsZWs4oug00gE4TwAhv7iepMO2FcZ4vyfd8JH/wnj6P2Pem/Ow=="
    }
  }
}
