{
  "name": "listed",
  "requires": true,
  "lockfileVersion": 1,
  "dependencies": {
    "sn-stylekit": {
      "version": "2.0.14",
      "resolved": "https://registry.npmjs.org/sn-stylekit/-/sn-stylekit-2.0.14.tgz",
      "integrity": "sha512-48RqEhxLbvDrEmY+SgiQg8IbeAlf0bjtHk/RAhMNwGc9ZrUgBoxMyxJJgUZeKiyx+dm8POfaxpsgzHBG9Qix+A=="
    }
  }
}
